// !$*UTF8*$!
{
	archiveVersion = 1;
	classes = {
	};
	objectVersion = 46;
	objects = {

/* Begin PBXBuildFile section */
		83F361321C77787300A7197A /* AppDelegate.swift in Sources */ = {isa = PBXBuildFile; fileRef = 83F361311C77787300A7197A /* AppDelegate.swift */; };
		83F361341C77787300A7197A /* ViewController.swift in Sources */ = {isa = PBXBuildFile; fileRef = 83F361331C77787300A7197A /* ViewController.swift */; };
		83F361371C77787300A7197A /* Main.storyboard in Resources */ = {isa = PBXBuildFile; fileRef = 83F361351C77787300A7197A /* Main.storyboard */; };
		83F361391C77787300A7197A /* Assets.xcassets in Resources */ = {isa = PBXBuildFile; fileRef = 83F361381C77787300A7197A /* Assets.xcassets */; };
		83F3613C1C77787300A7197A /* LaunchScreen.storyboard in Resources */ = {isa = PBXBuildFile; fileRef = 83F3613A1C77787300A7197A /* LaunchScreen.storyboard */; };
		83F361471C77787300A7197A /* Veloci_metroTests.swift in Sources */ = {isa = PBXBuildFile; fileRef = 83F361461C77787300A7197A /* Veloci_metroTests.swift */; };
		83F361521C77787300A7197A /* Veloci_metroUITests.swift in Sources */ = {isa = PBXBuildFile; fileRef = 83F361511C77787300A7197A /* Veloci_metroUITests.swift */; };
/* End PBXBuildFile section */

/* Begin PBXContainerItemProxy section */
		83F361431C77787300A7197A /* PBXContainerItemProxy */ = {
			isa = PBXContainerItemProxy;
			containerPortal = 83F361261C77787300A7197A /* Project object */;
			proxyType = 1;
			remoteGlobalIDString = 83F3612D1C77787300A7197A;
			remoteInfo = "Velocímetro";
		};
		83F3614E1C77787300A7197A /* PBXContainerItemProxy */ = {
			isa = PBXContainerItemProxy;
			containerPortal = 83F361261C77787300A7197A /* Project object */;
			proxyType = 1;
			remoteGlobalIDString = 83F3612D1C77787300A7197A;
			remoteInfo = "Velocímetro";
		};
/* End PBXContainerItemProxy section */

/* Begin PBXFileReference section */
		83F3612E1C77787300A7197A /* Velocímetro.app */ = {isa = PBXFileReference; explicitFileType = wrapper.application; includeInIndex = 0; path = "Velocímetro.app"; sourceTree = BUILT_PRODUCTS_DIR; };
		83F361311C77787300A7197A /* AppDelegate.swift */ = {isa = PBXFileReference; lastKnownFileType = sourcecode.swift; path = AppDelegate.swift; sourceTree = "<group>"; };
		83F361331C77787300A7197A /* ViewController.swift */ = {isa = PBXFileReference; lastKnownFileType = sourcecode.swift; path = ViewController.swift; sourceTree = "<group>"; };
		83F361361C77787300A7197A /* Base */ = {isa = PBXFileReference; lastKnownFileType = file.storyboard; name = Base; path = Base.lproj/Main.storyboard; sourceTree = "<group>"; };
		83F361381C77787300A7197A /* Assets.xcassets */ = {isa = PBXFileReference; lastKnownFileType = folder.assetcatalog; path = Assets.xcassets; sourceTree = "<group>"; };
		83F3613B1C77787300A7197A /* Base */ = {isa = PBXFileReference; lastKnownFileType = file.storyboard; name = Base; path = Base.lproj/LaunchScreen.storyboard; sourceTree = "<group>"; };
		83F3613D1C77787300A7197A /* Info.plist */ = {isa = PBXFileReference; lastKnownFileType = text.plist.xml; path = Info.plist; sourceTree = "<group>"; };
		83F361421C77787300A7197A /* VelocímetroTests.xctest */ = {isa = PBXFileReference; explicitFileType = wrapper.cfbundle; includeInIndex = 0; path = "VelocímetroTests.xctest"; sourceTree = BUILT_PRODUCTS_DIR; };
		83F361461C77787300A7197A /* Veloci_metroTests.swift */ = {isa = PBXFileReference; lastKnownFileType = sourcecode.swift; path = Veloci_metroTests.swift; sourceTree = "<group>"; };
		83F361481C77787300A7197A /* Info.plist */ = {isa = PBXFileReference; lastKnownFileType = text.plist.xml; path = Info.plist; sourceTree = "<group>"; };
		83F3614D1C77787300A7197A /* VelocímetroUITests.xctest */ = {isa = PBXFileReference; explicitFileType = wrapper.cfbundle; includeInIndex = 0; path = "VelocímetroUITests.xctest"; sourceTree = BUILT_PRODUCTS_DIR; };
		83F361511C77787300A7197A /* Veloci_metroUITests.swift */ = {isa = PBXFileReference; lastKnownFileType = sourcecode.swift; path = Veloci_metroUITests.swift; sourceTree = "<group>"; };
		83F361531C77787300A7197A /* Info.plist */ = {isa = PBXFileReference; lastKnownFileType = text.plist.xml; path = Info.plist; sourceTree = "<group>"; };
		83F361611C777E9D00A7197A /* Velocímetro.playground */ = {isa = PBXFileReference; lastKnownFileType = file.playground; path = "Velocímetro.playground"; sourceTree = "<group>"; };
/* End PBXFileReference section */

/* Begin PBXFrameworksBuildPhase section */
		83F3612B1C77787300A7197A /* Frameworks */ = {
			isa = PBXFrameworksBuildPhase;
			buildActionMask = 2147483647;
			files = (
			);
			runOnlyForDeploymentPostprocessing = 0;
		};
		83F3613F1C77787300A7197A /* Frameworks */ = {
			isa = PBXFrameworksBuildPhase;
			buildActionMask = 2147483647;
			files = (
			);
			runOnlyForDeploymentPostprocessing = 0;
		};
		83F3614A1C77787300A7197A /* Frameworks */ = {
			isa = PBXFrameworksBuildPhase;
			buildActionMask = 2147483647;
			files = (
			);
			runOnlyForDeploymentPostprocessing = 0;
		};
/* End PBXFrameworksBuildPhase section */

/* Begin PBXGroup section */
		83F361251C77787300A7197A = {
			isa = PBXGroup;
			children = (
				83F361611C777E9D00A7197A /* Velocímetro.playground */,
				83F361301C77787300A7197A /* Velocímetro */,
				83F361451C77787300A7197A /* VelocímetroTests */,
				83F361501C77787300A7197A /* VelocímetroUITests */,
				83F3612F1C77787300A7197A /* Products */,
			);
			sourceTree = "<group>";
		};
		83F3612F1C77787300A7197A /* Products */ = {
			isa = PBXGroup;
			children = (
				83F3612E1C77787300A7197A /* Velocímetro.app */,
				83F361421C77787300A7197A /* VelocímetroTests.xctest */,
				83F3614D1C77787300A7197A /* VelocímetroUITests.xctest */,
			);
			name = Products;
			sourceTree = "<group>";
		};
		83F361301C77787300A7197A /* Velocímetro */ = {
			isa = PBXGroup;
			children = (
				83F361311C77787300A7197A /* AppDelegate.swift */,
				83F361331C77787300A7197A /* ViewController.swift */,
				83F361351C77787300A7197A /* Main.storyboard */,
				83F361381C77787300A7197A /* Assets.xcassets */,
				83F3613A1C77787300A7197A /* LaunchScreen.storyboard */,
				83F3613D1C77787300A7197A /* Info.plist */,
			);
			path = "Velocímetro";
			sourceTree = "<group>";
		};
		83F361451C77787300A7197A /* VelocímetroTests */ = {
			isa = PBXGroup;
			children = (
				83F361461C77787300A7197A /* Veloci_metroTests.swift */,
				83F361481C77787300A7197A /* Info.plist */,
			);
			path = "VelocímetroTests";
			sourceTree = "<group>";
		};
		83F361501C77787300A7197A /* VelocímetroUITests */ = {
			isa = PBXGroup;
			children = (
				83F361511C77787300A7197A /* Veloci_metroUITests.swift */,
				83F361531C77787300A7197A /* Info.plist */,
			);
			path = "VelocímetroUITests";
			sourceTree = "<group>";
		};
/* End PBXGroup section */

/* Begin PBXNativeTarget section */
		83F3612D1C77787300A7197A /* Velocímetro */ = {
			isa = PBXNativeTarget;
			buildConfigurationList = 83F361561C77787400A7197A /* Build configuration list for PBXNativeTarget "Velocímetro" */;
			buildPhases = (
				83F3612A1C77787300A7197A /* Sources */,
				83F3612B1C77787300A7197A /* Frameworks */,
				83F3612C1C77787300A7197A /* Resources */,
			);
			buildRules = (
			);
			dependencies = (
			);
			name = "Velocímetro";
			productName = "Velocímetro";
			productReference = 83F3612E1C77787300A7197A /* Velocímetro.app */;
			productType = "com.apple.product-type.application";
		};
		83F361411C77787300A7197A /* VelocímetroTests */ = {
			isa = PBXNativeTarget;
			buildConfigurationList = 83F361591C77787400A7197A /* Build configuration list for PBXNativeTarget "VelocímetroTests" */;
			buildPhases = (
				83F3613E1C77787300A7197A /* Sources */,
				83F3613F1C77787300A7197A /* Frameworks */,
				83F361401C77787300A7197A /* Resources */,
			);
			buildRules = (
			);
			dependencies = (
				83F361441C77787300A7197A /* PBXTargetDependency */,
			);
			name = "VelocímetroTests";
			productName = "VelocímetroTests";
			productReference = 83F361421C77787300A7197A /* VelocímetroTests.xctest */;
			productType = "com.apple.product-type.bundle.unit-test";
		};
		83F3614C1C77787300A7197A /* VelocímetroUITests */ = {
			isa = PBXNativeTarget;
			buildConfigurationList = 83F3615C1C77787400A7197A /* Build configuration list for PBXNativeTarget "VelocímetroUITests" */;
			buildPhases = (
				83F361491C77787300A7197A /* Sources */,
				83F3614A1C77787300A7197A /* Frameworks */,
				83F3614B1C77787300A7197A /* Resources */,
			);
			buildRules = (
			);
			dependencies = (
				83F3614F1C77787300A7197A /* PBXTargetDependency */,
			);
			name = "VelocímetroUITests";
			productName = "VelocímetroUITests";
			productReference = 83F3614D1C77787300A7197A /* VelocímetroUITests.xctest */;
			productType = "com.apple.product-type.bundle.ui-testing";
		};
/* End PBXNativeTarget section */

/* Begin PBXProject section */
		83F361261C77787300A7197A /* Project object */ = {
			isa = PBXProject;
			attributes = {
				LastSwiftUpdateCheck = 0720;
				LastUpgradeCheck = 0720;
				ORGANIZATIONNAME = ITESO;
				TargetAttributes = {
					83F3612D1C77787300A7197A = {
						CreatedOnToolsVersion = 7.2.1;
					};
					83F361411C77787300A7197A = {
						CreatedOnToolsVersion = 7.2.1;
						TestTargetID = 83F3612D1C77787300A7197A;
					};
					83F3614C1C77787300A7197A = {
						CreatedOnToolsVersion = 7.2.1;
						TestTargetID = 83F3612D1C77787300A7197A;
					};
				};
			};
			buildConfigurationList = 83F361291C77787300A7197A /* Build configuration list for PBXProject "Velocímetro" */;
			compatibilityVersion = "Xcode 3.2";
			developmentRegion = English;
			hasScannedForEncodings = 0;
			knownRegions = (
				en,
				Base,
			);
			mainGroup = 83F361251C77787300A7197A;
			productRefGroup = 83F3612F1C77787300A7197A /* Products */;
			projectDirPath = "";
			projectRoot = "";
			targets = (
				83F3612D1C77787300A7197A /* Velocímetro */,
				83F361411C77787300A7197A /* VelocímetroTests */,
				83F3614C1C77787300A7197A /* VelocímetroUITests */,
			);
		};
/* End PBXProject section */

/* Begin PBXResourcesBuildPhase section */
		83F3612C1C77787300A7197A /* Resources */ = {
			isa = PBXResourcesBuildPhase;
			buildActionMask = 2147483647;
			files = (
				83F3613C1C77787300A7197A /* LaunchScreen.storyboard in Resources */,
				83F361391C77787300A7197A /* Assets.xcassets in Resources */,
				83F361371C77787300A7197A /* Main.storyboard in Resources */,
			);
			runOnlyForDeploymentPostprocessing = 0;
		};
		83F361401C77787300A7197A /* Resources */ = {
			isa = PBXResourcesBuildPhase;
			buildActionMask = 2147483647;
			files = (
			);
			runOnlyForDeploymentPostprocessing = 0;
		};
		83F3614B1C77787300A7197A /* Resources */ = {
			isa = PBXResourcesBuildPhase;
			buildActionMask = 2147483647;
			files = (
			);
			runOnlyForDeploymentPostprocessing = 0;
		};
/* End PBXResourcesBuildPhase section */

/* Begin PBXSourcesBuildPhase section */
		83F3612A1C77787300A7197A /* Sources */ = {
			isa = PBXSourcesBuildPhase;
			buildActionMask = 2147483647;
			files = (
				83F361341C77787300A7197A /* ViewController.swift in Sources */,
				83F361321C77787300A7197A /* AppDelegate.swift in Sources */,
			);
			runOnlyForDeploymentPostprocessing = 0;
		};
		83F3613E1C77787300A7197A /* Sources */ = {
			isa = PBXSourcesBuildPhase;
			buildActionMask = 2147483647;
			files = (
				83F361471C77787300A7197A /* Veloci_metroTests.swift in Sources */,
			);
			runOnlyForDeploymentPostprocessing = 0;
		};
		83F361491C77787300A7197A /* Sources */ = {
			isa = PBXSourcesBuildPhase;
			buildActionMask = 2147483647;
			files = (
				83F361521C77787300A7197A /* Veloci_metroUITests.swift in Sources */,
			);
			runOnlyForDeploymentPostprocessing = 0;
		};
/* End PBXSourcesBuildPhase section */

/* Begin PBXTargetDependency section */
		83F361441C77787300A7197A /* PBXTargetDependency */ = {
			isa = PBXTargetDependency;
			target = 83F3612D1C77787300A7197A /* Velocímetro */;
			targetProxy = 83F361431C77787300A7197A /* PBXContainerItemProxy */;
		};
		83F3614F1C77787300A7197A /* PBXTargetDependency */ = {
			isa = PBXTargetDependency;
			target = 83F3612D1C77787300A7197A /* Velocímetro */;
			targetProxy = 83F3614E1C77787300A7197A /* PBXContainerItemProxy */;
		};
/* End PBXTargetDependency section */

/* Begin PBXVariantGroup section */
		83F361351C77787300A7197A /* Main.storyboard */ = {
			isa = PBXVariantGroup;
			children = (
				83F361361C77787300A7197A /* Base */,
			);
			name = Main.storyboard;
			sourceTree = "<group>";
		};
		83F3613A1C77787300A7197A /* LaunchScreen.storyboard */ = {
			isa = PBXVariantGroup;
			children = (
				83F3613B1C77787300A7197A /* Base */,
			);
			name = LaunchScreen.storyboard;
			sourceTree = "<group>";
		};
/* End PBXVariantGroup section */

/* Begin XCBuildConfiguration section */
		83F361541C77787400A7197A /* Debug */ = {
			isa = XCBuildConfiguration;
			buildSettings = {
				ALWAYS_SEARCH_USER_PATHS = NO;
				CLANG_CXX_LANGUAGE_STANDARD = "gnu++0x";
				CLANG_CXX_LIBRARY = "libc++";
				CLANG_ENABLE_MODULES = YES;
				CLANG_ENABLE_OBJC_ARC = YES;
				CLANG_WARN_BOOL_CONVERSION = YES;
				CLANG_WARN_CONSTANT_CONVERSION = YES;
				CLANG_WARN_DIRECT_OBJC_ISA_USAGE = YES_ERROR;
				CLANG_WARN_EMPTY_BODY = YES;
				CLANG_WARN_ENUM_CONVERSION = YES;
				CLANG_WARN_INT_CONVERSION = YES;
				CLANG_WARN_OBJC_ROOT_CLASS = YES_ERROR;
				CLANG_WARN_UNREACHABLE_CODE = YES;
				CLANG_WARN__DUPLICATE_METHOD_MATCH = YES;
				"CODE_SIGN_IDENTITY[sdk=iphoneos*]" = "iPhone Developer";
				COPY_PHASE_STRIP = NO;
				DEBUG_INFORMATION_FORMAT = dwarf;
				ENABLE_STRICT_OBJC_MSGSEND = YES;
				ENABLE_TESTABILITY = YES;
				GCC_C_LANGUAGE_STANDARD = gnu99;
				GCC_DYNAMIC_NO_PIC = NO;
				GCC_NO_COMMON_BLOCKS = YES;
				GCC_OPTIMIZATION_LEVEL = 0;
				GCC_PREPROCESSOR_DEFINITIONS = (
					"DEBUG=1",
					"$(inherited)",
				);
				GCC_WARN_64_TO_32_BIT_CONVERSION = YES;
				GCC_WARN_ABOUT_RETURN_TYPE = YES_ERROR;
				GCC_WARN_UNDECLARED_SELECTOR = YES;
				GCC_WARN_UNINITIALIZED_AUTOS = YES_AGGRESSIVE;
				GCC_WARN_UNUSED_FUNCTION = YES;
				GCC_WARN_UNUSED_VARIABLE = YES;
				IPHONEOS_DEPLOYMENT_TARGET = 9.2;
				MTL_ENABLE_DEBUG_INFO = YES;
				ONLY_ACTIVE_ARCH = YES;
				SDKROOT = iphoneos;
				SWIFT_OPTIMIZATION_LEVEL = "-Onone";
			};
			name = Debug;
		};
		83F361551C77787400A7197A /* Release */ = {
			isa = XCBuildConfiguration;
			buildSettings = {
				ALWAYS_SEARCH_USER_PATHS = NO;
				CLANG_CXX_LANGUAGE_STANDARD = "gnu++0x";
				CLANG_CXX_LIBRARY = "libc++";
				CLANG_ENABLE_MODULES = YES;
				CLANG_ENABLE_OBJC_ARC = YES;
				CLANG_WARN_BOOL_CONVERSION = YES;
				CLANG_WARN_CONSTANT_CONVERSION = YES;
				CLANG_WARN_DIRECT_OBJC_ISA_USAGE = YES_ERROR;
				CLANG_WARN_EMPTY_BODY = YES;
				CLANG_WARN_ENUM_CONVERSION = YES;
				CLANG_WARN_INT_CONVERSION = YES;
				CLANG_WARN_OBJC_ROOT_CLASS = YES_ERROR;
				CLANG_WARN_UNREACHABLE_CODE = YES;
				CLANG_WARN__DUPLICATE_METHOD_MATCH = YES;
				"CODE_SIGN_IDENTITY[sdk=iphoneos*]" = "iPhone Developer";
				COPY_PHASE_STRIP = NO;
				DEBUG_INFORMATION_FORMAT = "dwarf-with-dsym";
				ENABLE_NS_ASSERTIONS = NO;
				ENABLE_STRICT_OBJC_MSGSEND = YES;
				GCC_C_LANGUAGE_STANDARD = gnu99;
				GCC_NO_COMMON_BLOCKS = YES;
				GCC_WARN_64_TO_32_BIT_CONVERSION = YES;
				GCC_WARN_ABOUT_RETURN_TYPE = YES_ERROR;
				GCC_WARN_UNDECLARED_SELECTOR = YES;
				GCC_WARN_UNINITIALIZED_AUTOS = YES_AGGRESSIVE;
				GCC_WARN_UNUSED_FUNCTION = YES;
				GCC_WARN_UNUSED_VARIABLE = YES;
				IPHONEOS_DEPLOYMENT_TARGET = 9.2;
				MTL_ENABLE_DEBUG_INFO = NO;
				SDKROOT = iphoneos;
				VALIDATE_PRODUCT = YES;
			};
			name = Release;
		};
		83F361571C77787400A7197A /* Debug */ = {
			isa = XCBuildConfiguration;
			buildSettings = {
				ASSETCATALOG_COMPILER_APPICON_NAME = AppIcon;
				INFOPLIST_FILE = "Velocímetro/Info.plist";
				LD_RUNPATH_SEARCH_PATHS = "$(inherited) @executable_path/Frameworks";
				PRODUCT_BUNDLE_IDENTIFIER = "com.uLab.Veloci-metro";
				PRODUCT_NAME = "$(TARGET_NAME)";
			};
			name = Debug;
		};
		83F361581C77787400A7197A /* Release */ = {
			isa = XCBuildConfiguration;
			buildSettings = {
				ASSETCATALOG_COMPILER_APPICON_NAME = AppIcon;
				INFOPLIST_FILE = "Velocímetro/Info.plist";
				LD_RUNPATH_SEARCH_PATHS = "$(inherited) @executable_path/Frameworks";
				PRODUCT_BUNDLE_IDENTIFIER = "com.uLab.Veloci-metro";
				PRODUCT_NAME = "$(TARGET_NAME)";
			};
			name = Release;
		};
		83F3615A1C77787400A7197A /* Debug */ = {
			isa = XCBuildConfiguration;
			buildSettings = {
				BUNDLE_LOADER = "$(TEST_HOST)";
				INFOPLIST_FILE = "VelocímetroTests/Info.plist";
				LD_RUNPATH_SEARCH_PATHS = "$(inherited) @executable_path/Frameworks @loader_path/Frameworks";
				PRODUCT_BUNDLE_IDENTIFIER = "com.uLab.Veloci-metroTests";
				PRODUCT_NAME = "$(TARGET_NAME)";
				TEST_HOST = "$(BUILT_PRODUCTS_DIR)/Velocímetro.app/Velocímetro";
			};
			name = Debug;
		};
		83F3615B1C77787400A7197A /* Release */ = {
			isa = XCBuildConfiguration;
			buildSettings = {
				BUNDLE_LOADER = "$(TEST_HOST)";
				INFOPLIST_FILE = "VelocímetroTests/Info.plist";
				LD_RUNPATH_SEARCH_PATHS = "$(inherited) @executable_path/Frameworks @loader_path/Frameworks";
				PRODUCT_BUNDLE_IDENTIFIER = "com.uLab.Veloci-metroTests";
				PRODUCT_NAME = "$(TARGET_NAME)";
				TEST_HOST = "$(BUILT_PRODUCTS_DIR)/Velocímetro.app/Velocímetro";
			};
			name = Release;
		};
		83F3615D1C77787400A7197A /* Debug */ = {
			isa = XCBuildConfiguration;
			buildSettings = {
				INFOPLIST_FILE = "VelocímetroUITests/Info.plist";
				LD_RUNPATH_SEARCH_PATHS = "$(inherited) @executable_path/Frameworks @loader_path/Frameworks";
				PRODUCT_BUNDLE_IDENTIFIER = "com.uLab.Veloci-metroUITests";
				PRODUCT_NAME = "$(TARGET_NAME)";
				TEST_TARGET_NAME = "Velocímetro";
				USES_XCTRUNNER = YES;
			};
			name = Debug;
		};
		83F3615E1C77787400A7197A /* Release */ = {
			isa = XCBuildConfiguration;
			buildSettings = {
				INFOPLIST_FILE = "VelocímetroUITests/Info.plist";
				LD_RUNPATH_SEARCH_PATHS = "$(inherited) @executable_path/Frameworks @loader_path/Frameworks";
				PRODUCT_BUNDLE_IDENTIFIER = "com.uLab.Veloci-metroUITests";
				PRODUCT_NAME = "$(TARGET_NAME)";
				TEST_TARGET_NAME = "Velocímetro";
				USES_XCTRUNNER = YES;
			};
			name = Release;
		};
/* End XCBuildConfiguration section */

/* Begin XCConfigurationList section */
		83F361291C77787300A7197A /* Build configuration list for PBXProject "Velocímetro" */ = {
			isa = XCConfigurationList;
			buildConfigurations = (
				83F361541C77787400A7197A /* Debug */,
				83F361551C77787400A7197A /* Release */,
			);
			defaultConfigurationIsVisible = 0;
			defaultConfigurationName = Release;
		};
		83F361561C77787400A7197A /* Build configuration list for PBXNativeTarget "Velocímetro" */ = {
			isa = XCConfigurationList;
			buildConfigurations = (
				83F361571C77787400A7197A /* Debug */,
				83F361581C77787400A7197A /* Release */,
			);
			defaultConfigurationIsVisible = 0;
		};
		83F361591C77787400A7197A /* Build configuration list for PBXNativeTarget "VelocímetroTests" */ = {
			isa = XCConfigurationList;
			buildConfigurations = (
				83F3615A1C77787400A7197A /* Debug */,
				83F3615B1C77787400A7197A /* Release */,
			);
			defaultConfigurationIsVisible = 0;
		};
		83F3615C1C77787400A7197A /* Build configuration list for PBXNativeTarget "VelocímetroUITests" */ = {
			isa = XCConfigurationList;
			buildConfigurations = (
				83F3615D1C77787400A7197A /* Debug */,
				83F3615E1C77787400A7197A /* Release */,
			);
			defaultConfigurationIsVisible = 0;
		};
/* End XCConfigurationList section */
	};
	rootObject = 83F361261C77787300A7197A /* Project object */;
}
